{
  "name": "teste-van",
  "version": "1.0.0",
  "lockfileVersion": 2,
  "requires": true,
  "packages": {
    "": {
      "name": "teste-van",
      "version": "1.0.0",
      "license": "ISC",
      "dependencies": {
        "@vtex/lean-shipping-calculator": "^0.2.19"
      }
    },
    "node_modules/@vtex/delivery-packages": {
      "version": "2.18.1",
      "resolved": "https://registry.npmjs.org/@vtex/delivery-packages/-/delivery-packages-2.18.1.tgz",
      "integrity": "sha512-IUqOvFRHh4noxFHEmrqZThH1pQAEJf+Dd3YQQykE3+MW6Q9cTa6bycNYweMErdEMURvp7YFUXiHYL6OSWj57yQ==",
      "dependencies": {
        "@vtex/estimate-calculator": "^1.0.8"
      }
    },
    "node_modules/@vtex/delivery-packages/node_modules/@vtex/estimate-calculator": {
      "version": "1.1.0",
      "resolved": "https://registry.npmjs.org/@vtex/estimate-calculator/-/estimate-calculator-1.1.0.tgz",
      "integrity": "sha512-kN1o20vCce6Xtqg8U6odwMQcgx9PE4sAezyfkREe8LnCM6MaPUmJjVByt/4KYDmoa4YX1Q2mI4DiSKPFlOuJnQ==",
      "dependencies": {
        "lodash": "^4.17.5"
      }
    },
    "node_modules/@vtex/estimate-calculator": {
      "version": "1.0.7",
      "resolved": "https://registry.npmjs.org/@vtex/estimate-calculator/-/estimate-calculator-1.0.7.tgz",
      "integrity": "sha512-bD/NhVhmbqATxe1VYEyjzjZitUYpdkiCX0xqzVScUeATcpzRyfQBuD37HskUyUM+A1oP7MESxMFcCkEJPUneAg==",
      "dependencies": {
        "lodash": "^4.17.5"
      }
    },
    "node_modules/@vtex/lean-shipping-calculator": {
      "version": "0.2.19",
      "resolved": "https://registry.npmjs.org/@vtex/lean-shipping-calculator/-/lean-shipping-calculator-0.2.19.tgz",
      "integrity": "sha512-cLDpm8X2al7dBZ/OkOtwvjVSVSaRcIpseNgaJxi4Lgx+o5o778CLM8+q/79EsAqlZI0Kw51q/Y2k+Po/Zxqryw==",
      "dependencies": {
        "@vtex/delivery-packages": "^2.17.0",
        "@vtex/estimate-calculator": "1.0.7",
        "lodash": "^4.17.15"
      }
    },
    "node_modules/lodash": {
      "version": "4.17.21",
      "resolved": "https://registry.npmjs.org/lodash/-/lodash-4.17.21.tgz",
      "integrity": "sha512-v2kDEe57lecTulaDIuNTPy3Ry4gLGJ6Z1O3vE1krgXZNrsQ+LFTGHVxVjcXPs17LhbZVGedAJv8XZ1tvj5FvSg=="
    }
  },
  "dependencies": {
    "@vtex/delivery-packages": {
      "version": "2.18.1",
      "resolved": "https://registry.npmjs.org/@vtex/delivery-packages/-/delivery-packages-2.18.1.tgz",
      "integrity": "sha512-IUqOvFRHh4noxFHEmrqZThH1pQAEJf+Dd3YQQykE3+MW6Q9cTa6bycNYweMErdEMURvp7YFUXiHYL6OSWj57yQ==",
      "requires": {
        "@vtex/estimate-calculator": "^1.0.8"
      },
      "dependencies": {
        "@vtex/estimate-calculator": {
          "version": "1.1.0",
          "resolved": "https://registry.npmjs.org/@vtex/estimate-calculator/-/estimate-calculator-1.1.0.tgz",
          "integrity": "sha512-kN1o20vCce6Xtqg8U6odwMQcgx9PE4sAezyfkREe8LnCM6MaPUmJjVByt/4KYDmoa4YX1Q2mI4DiSKPFlOuJnQ==",
          "requires": {
            "lodash": "^4.17.5"
          }
        }
      }
    },
    "@vtex/estimate-calculator": {
      "version": "1.0.7",
      "resolved": "https://registry.npmjs.org/@vtex/estimate-calculator/-/estimate-calculator-1.0.7.tgz",
      "integrity": "sha512-bD/NhVhmbqATxe1VYEyjzjZitUYpdkiCX0xqzVScUeATcpzRyfQBuD37HskUyUM+A1oP7MESxMFcCkEJPUneAg==",
      "requires": {
        "lodash": "^4.17.5"
      }
    },
    "@vtex/lean-shipping-calculator": {
      "version": "0.2.19",
      "resolved": "https://registry.npmjs.org/@vtex/lean-shipping-calculator/-/lean-shipping-calculator-0.2.19.tgz",
      "integrity": "sha512-cLDpm8X2al7dBZ/OkOtwvjVSVSaRcIpseNgaJxi4Lgx+o5o778CLM8+q/79EsAqlZI0Kw51q/Y2k+Po/Zxqryw==",
      "requires": {
        "@vtex/delivery-packages": "^2.17.0",
        "@vtex/estimate-calculator": "1.0.7",
        "lodash": "^4.17.15"
      }
    },
    "lodash": {
      "version": "4.17.21",
      "resolved": "https://registry.npmjs.org/lodash/-/lodash-4.17.21.tgz",
      "integrity": "sha512-v2kDEe57lecTulaDIuNTPy3Ry4gLGJ6Z1O3vE1krgXZNrsQ+LFTGHVxVjcXPs17LhbZVGedAJv8XZ1tvj5FvSg=="
    }
  }
}
